
Microsoft Visual Studio Solution File, Format Version 12.00
# Visual Studio Version 17
VisualStudioVersion = 17.4.33205.214
MinimumVisualStudioVersion = 10.0.40219.1
Project("{FAE04EC0-301F-11D3-BF4B-00C04F79EFBC}") = "WeatherTest", "WeatherTest.csproj", "{B29D8F8F-D0A8-4722-B29F-F666DFE26612}"
EndProject
Global
	GlobalSection(SolutionConfigurationPlatforms) = preSolution
		Debug|Any CPU = Debug|Any CPU
		Release|Any CPU = Release|Any CPU
	EndGlobalSection
	GlobalSection(ProjectConfigurationPlatforms) = postSolution
		{B29D8F8F-D0A8-4722-B29F-F666DFE26612}.Debug|Any CPU.ActiveCfg = Debug|Any CPU
		{B29D8F8F-D0A8-4722-B29F-F666DFE26612}.Debug|Any CPU.Build.0 = Debug|Any CPU
		{B29D8F8F-D0A8-4722-B29F-F666DFE26612}.Release|Any CPU.ActiveCfg = Release|Any CPU
		{B29D8F8F-D0A8-4722-B29F-F666DFE26612}.Release|Any CPU.Build.0 = Release|Any CPU
	EndGlobalSection
	GlobalSection(SolutionProperties) = preSolution
		HideSolutionNode = FALSE
	EndGlobalSection
	GlobalSection(ExtensibilityGlobals) = postSolution
		SolutionGuid = {9BFEC115-8A99-4EB0-9F78-AE603EF28CE4}
	EndGlobalSection
EndGlobal
